
Microsoft Visual Studio Solution File, Format Version 12.00
# Visual Studio 14
VisualStudioVersion = 14.0.25420.1
MinimumVisualStudioVersion = 10.0.40219.1
Project("{FAE04EC0-301F-11D3-BF4B-00C04F79EFBC}") = "MyInstagram.WebUI", "MyInstagram.WebUI\MyInstagram.WebUI.csproj", "{81F2F509-3E3D-4B13-884B-9FF4BD3894B3}"
EndProject
Project("{FAE04EC0-301F-11D3-BF4B-00C04F79EFBC}") = "MyInstagram.Domain", "MyInstagram.Domain\MyInstagram.Domain.csproj", "{42462B7A-028C-4C74-A450-6DCBCD37D155}"
EndProject
Global
	GlobalSection(SolutionConfigurationPlatforms) = preSolution
		Debug|Any CPU = Debug|Any CPU
		Release|Any CPU = Release|Any CPU
	EndGlobalSection
	GlobalSection(ProjectConfigurationPlatforms) = postSolution
		{81F2F509-3E3D-4B13-884B-9FF4BD3894B3}.Debug|Any CPU.ActiveCfg = Debug|Any CPU
		{81F2F509-3E3D-4B13-884B-9FF4BD3894B3}.Debug|Any CPU.Build.0 = Debug|Any CPU
		{81F2F509-3E3D-4B13-884B-9FF4BD3894B3}.Release|Any CPU.ActiveCfg = Release|Any CPU
		{81F2F509-3E3D-4B13-884B-9FF4BD3894B3}.Release|Any CPU.Build.0 = Release|Any CPU
		{42462B7A-028C-4C74-A450-6DCBCD37D155}.Debug|Any CPU.ActiveCfg = Debug|Any CPU
		{42462B7A-028C-4C74-A450-6DCBCD37D155}.Debug|Any CPU.Build.0 = Debug|Any CPU
		{42462B7A-028C-4C74-A450-6DCBCD37D155}.Release|Any CPU.ActiveCfg = Release|Any CPU
		{42462B7A-028C-4C74-A450-6DCBCD37D155}.Release|Any CPU.Build.0 = Release|Any CPU
	EndGlobalSection
	GlobalSection(SolutionProperties) = preSolution
		HideSolutionNode = FALSE
	EndGlobalSection
EndGlobal
